
Microsoft Visual Studio Solution File, Format Version 12.00
# Visual Studio Version 17
VisualStudioVersion = 17.1.32421.90
MinimumVisualStudioVersion = 10.0.40219.1
Project("{FAE04EC0-301F-11D3-BF4B-00C04F79EFBC}") = "SimultaneousConsoleIO", "SimultaneousConsoleIO\SimultaneousConsoleIO.csproj", "{278CCBA2-E1F8-4741-8F95-FB9AACF225CD}"
EndProject
Global
	GlobalSection(SolutionConfigurationPlatforms) = preSolution
		Debug|Any CPU = Debug|Any CPU
		Release|Any CPU = Release|Any CPU
	EndGlobalSection
	GlobalSection(ProjectConfigurationPlatforms) = postSolution
		{278CCBA2-E1F8-4741-8F95-FB9AACF225CD}.Debug|Any CPU.ActiveCfg = Debug|Any CPU
		{278CCBA2-E1F8-4741-8F95-FB9AACF225CD}.Debug|Any CPU.Build.0 = Debug|Any CPU
		{278CCBA2-E1F8-4741-8F95-FB9AACF225CD}.Release|Any CPU.ActiveCfg = Release|Any CPU
		{278CCBA2-E1F8-4741-8F95-FB9AACF225CD}.Release|Any CPU.Build.0 = Release|Any CPU
	EndGlobalSection
	GlobalSection(SolutionProperties) = preSolution
		HideSolutionNode = FALSE
	EndGlobalSection
	GlobalSection(ExtensibilityGlobals) = postSolution
		SolutionGuid = {645C9598-89C1-40E3-AC04-ECCAC3940D14}
	EndGlobalSection
EndGlobal
